
Microsoft Visual Studio Solution File, Format Version 12.00
# Visual Studio Version 17
VisualStudioVersion = 17.12.35527.113
MinimumVisualStudioVersion = 10.0.40219.1
Project("{FAE04EC0-301F-11D3-BF4B-00C04F79EFBC}") = "Cart.API", "src\Cart.API\Cart.API.csproj", "{E070AA7D-231F-4A7D-A5E0-28BBBB2707E6}"
EndProject
Project("{FAE04EC0-301F-11D3-BF4B-00C04F79EFBC}") = "Cart.Core", "src\Cart.Core\Cart.Core.csproj", "{691924F1-9E0A-466B-B0D8-57C85B3FCC90}"
EndProject
Project("{FAE04EC0-301F-11D3-BF4B-00C04F79EFBC}") = "Cart.Infrastructure", "src\Cart.Infrastructure\Cart.Infrastructure.csproj", "{CE7231BB-6C40-4BE2-B5F3-B54840C0269E}"
EndProject
Project("{FAE04EC0-301F-11D3-BF4B-00C04F79EFBC}") = "Cart.Application", "src\Cart.Application\Cart.Application.csproj", "{90943704-4095-4034-B38D-8839416DBAF0}"
EndProject
Project("{2150E333-8FDC-42A3-9474-1A3956D46DE8}") = "shared", "shared", "{29505A59-E752-437A-899E-EF596FA01D03}"
EndProject
Project("{2150E333-8FDC-42A3-9474-1A3956D46DE8}") = "services", "services", "{8280F57B-53E5-427E-B739-84A944DA5F5F}"
EndProject
Project("{FAE04EC0-301F-11D3-BF4B-00C04F79EFBC}") = "SharedLib.Domain", "..\SharedLib\src\SharedLib.Domain\SharedLib.Domain.csproj", "{959DEDB9-4954-4CDB-9205-0E6D3E1E3903}"
EndProject
Project("{FAE04EC0-301F-11D3-BF4B-00C04F79EFBC}") = "SharedLib.MessageBus", "..\SharedLib\src\SharedLib.MessageBus\SharedLib.MessageBus.csproj", "{66E19EB2-3C79-40F2-9BB9-FD1583C4B922}"
EndProject
Global
	GlobalSection(SolutionConfigurationPlatforms) = preSolution
		Debug|Any CPU = Debug|Any CPU
		Release|Any CPU = Release|Any CPU
	EndGlobalSection
	GlobalSection(ProjectConfigurationPlatforms) = postSolution
		{E070AA7D-231F-4A7D-A5E0-28BBBB2707E6}.Debug|Any CPU.ActiveCfg = Debug|Any CPU
		{E070AA7D-231F-4A7D-A5E0-28BBBB2707E6}.Debug|Any CPU.Build.0 = Debug|Any CPU
		{E070AA7D-231F-4A7D-A5E0-28BBBB2707E6}.Release|Any CPU.ActiveCfg = Release|Any CPU
		{E070AA7D-231F-4A7D-A5E0-28BBBB2707E6}.Release|Any CPU.Build.0 = Release|Any CPU
		{691924F1-9E0A-466B-B0D8-57C85B3FCC90}.Debug|Any CPU.ActiveCfg = Debug|Any CPU
		{691924F1-9E0A-466B-B0D8-57C85B3FCC90}.Debug|Any CPU.Build.0 = Debug|Any CPU
		{691924F1-9E0A-466B-B0D8-57C85B3FCC90}.Release|Any CPU.ActiveCfg = Release|Any CPU
		{691924F1-9E0A-466B-B0D8-57C85B3FCC90}.Release|Any CPU.Build.0 = Release|Any CPU
		{CE7231BB-6C40-4BE2-B5F3-B54840C0269E}.Debug|Any CPU.ActiveCfg = Debug|Any CPU
		{CE7231BB-6C40-4BE2-B5F3-B54840C0269E}.Debug|Any CPU.Build.0 = Debug|Any CPU
		{CE7231BB-6C40-4BE2-B5F3-B54840C0269E}.Release|Any CPU.ActiveCfg = Release|Any CPU
		{CE7231BB-6C40-4BE2-B5F3-B54840C0269E}.Release|Any CPU.Build.0 = Release|Any CPU
		{90943704-4095-4034-B38D-8839416DBAF0}.Debug|Any CPU.ActiveCfg = Debug|Any CPU
		{90943704-4095-4034-B38D-8839416DBAF0}.Debug|Any CPU.Build.0 = Debug|Any CPU
		{90943704-4095-4034-B38D-8839416DBAF0}.Release|Any CPU.ActiveCfg = Release|Any CPU
		{90943704-4095-4034-B38D-8839416DBAF0}.Release|Any CPU.Build.0 = Release|Any CPU
		{959DEDB9-4954-4CDB-9205-0E6D3E1E3903}.Debug|Any CPU.ActiveCfg = Debug|Any CPU
		{959DEDB9-4954-4CDB-9205-0E6D3E1E3903}.Debug|Any CPU.Build.0 = Debug|Any CPU
		{959DEDB9-4954-4CDB-9205-0E6D3E1E3903}.Release|Any CPU.ActiveCfg = Release|Any CPU
		{959DEDB9-4954-4CDB-9205-0E6D3E1E3903}.Release|Any CPU.Build.0 = Release|Any CPU
		{66E19EB2-3C79-40F2-9BB9-FD1583C4B922}.Debug|Any CPU.ActiveCfg = Debug|Any CPU
		{66E19EB2-3C79-40F2-9BB9-FD1583C4B922}.Debug|Any CPU.Build.0 = Debug|Any CPU
		{66E19EB2-3C79-40F2-9BB9-FD1583C4B922}.Release|Any CPU.ActiveCfg = Release|Any CPU
		{66E19EB2-3C79-40F2-9BB9-FD1583C4B922}.Release|Any CPU.Build.0 = Release|Any CPU
	EndGlobalSection
	GlobalSection(SolutionProperties) = preSolution
		HideSolutionNode = FALSE
	EndGlobalSection
	GlobalSection(NestedProjects) = preSolution
		{E070AA7D-231F-4A7D-A5E0-28BBBB2707E6} = {8280F57B-53E5-427E-B739-84A944DA5F5F}
		{691924F1-9E0A-466B-B0D8-57C85B3FCC90} = {8280F57B-53E5-427E-B739-84A944DA5F5F}
		{CE7231BB-6C40-4BE2-B5F3-B54840C0269E} = {8280F57B-53E5-427E-B739-84A944DA5F5F}
		{90943704-4095-4034-B38D-8839416DBAF0} = {8280F57B-53E5-427E-B739-84A944DA5F5F}
		{959DEDB9-4954-4CDB-9205-0E6D3E1E3903} = {29505A59-E752-437A-899E-EF596FA01D03}
		{66E19EB2-3C79-40F2-9BB9-FD1583C4B922} = {29505A59-E752-437A-899E-EF596FA01D03}
	EndGlobalSection
EndGlobal
